// !$*UTF8*$!
{
	archiveVersion = 1;
	classes = {
	};
	objectVersion = 50;
	objects = {

/* Begin PBXBuildFile section */
		D7B0CB5525416C4D000FC12B /* AppDelegate.swift in Sources */ = {isa = PBXBuildFile; fileRef = D7B0CB5425416C4D000FC12B /* AppDelegate.swift */; };
		D7B0CB5725416C4D000FC12B /* SceneDelegate.swift in Sources */ = {isa = PBXBuildFile; fileRef = D7B0CB5625416C4D000FC12B /* SceneDelegate.swift */; };
		D7B0CB5925416C4D000FC12B /* ViewController.swift in Sources */ = {isa = PBXBuildFile; fileRef = D7B0CB5825416C4D000FC12B /* ViewController.swift */; };
		D7B0CB5C25416C4D000FC12B /* Main.storyboard in Resources */ = {isa = PBXBuildFile; fileRef = D7B0CB5A25416C4D000FC12B /* Main.storyboard */; };
		D7B0CB5E25416C4F000FC12B /* Assets.xcassets in Resources */ = {isa = PBXBuildFile; fileRef = D7B0CB5D25416C4F000FC12B /* Assets.xcassets */; };
		D7B0CB6125416C4F000FC12B /* LaunchScreen.storyboard in Resources */ = {isa = PBXBuildFile; fileRef = D7B0CB5F25416C4F000FC12B /* LaunchScreen.storyboard */; };
		D7B0CB6D2541813D000FC12B /* Resnet50.mlmodel in Sources */ = {isa = PBXBuildFile; fileRef = D7B0CB6C2541813D000FC12B /* Resnet50.mlmodel */; };
/* End PBXBuildFile section */

/* Begin PBXFileReference section */
		D7B0CB5125416C4D000FC12B /* Cam_ImageClassifier.app */ = {isa = PBXFileReference; explicitFileType = wrapper.application; includeInIndex = 0; path = Cam_ImageClassifier.app; sourceTree = BUILT_PRODUCTS_DIR; };
		D7B0CB5425416C4D000FC12B /* AppDelegate.swift */ = {isa = PBXFileReference; lastKnownFileType = sourcecode.swift; path = AppDelegate.swift; sourceTree = "<group>"; };
		D7B0CB5625416C4D000FC12B /* SceneDelegate.swift */ = {isa = PBXFileReference; lastKnownFileType = sourcecode.swift; path = SceneDelegate.swift; sourceTree = "<group>"; };
		D7B0CB5825416C4D000FC12B /* ViewController.swift */ = {isa = PBXFileReference; lastKnownFileType = sourcecode.swift; path = ViewController.swift; sourceTree = "<group>"; };
		D7B0CB5B25416C4D000FC12B /* Base */ = {isa = PBXFileReference; lastKnownFileType = file.storyboard; name = Base; path = Base.lproj/Main.storyboard; sourceTree = "<group>"; };
		D7B0CB5D25416C4F000FC12B /* Assets.xcassets */ = {isa = PBXFileReference; lastKnownFileType = folder.assetcatalog; path = Assets.xcassets; sourceTree = "<group>"; };
		D7B0CB6025416C4F000FC12B /* Base */ = {isa = PBXFileReference; lastKnownFileType = file.storyboard; name = Base; path = Base.lproj/LaunchScreen.storyboard; sourceTree = "<group>"; };
		D7B0CB6225416C4F000FC12B /* Info.plist */ = {isa = PBXFileReference; lastKnownFileType = text.plist.xml; path = Info.plist; sourceTree = "<group>"; };
		D7B0CB6C2541813D000FC12B /* Resnet50.mlmodel */ = {isa = PBXFileReference; lastKnownFileType = file.mlmodel; path = Resnet50.mlmodel; sourceTree = "<group>"; };
/* End PBXFileReference section */

/* Begin PBXFrameworksBuildPhase section */
		D7B0CB4E25416C4D000FC12B /* Frameworks */ = {
			isa = PBXFrameworksBuildPhase;
			buildActionMask = 2147483647;
			files = (
			);
			runOnlyForDeploymentPostprocessing = 0;
		};
/* End PBXFrameworksBuildPhase section */

/* Begin PBXGroup section */
		D7B0CB4825416C4D000FC12B = {
			isa = PBXGroup;
			children = (
				D7B0CB5325416C4D000FC12B /* Cam_ImageClassifier */,
				D7B0CB5225416C4D000FC12B /* Products */,
			);
			sourceTree = "<group>";
		};
		D7B0CB5225416C4D000FC12B /* Products */ = {
			isa = PBXGroup;
			children = (
				D7B0CB5125416C4D000FC12B /* Cam_ImageClassifier.app */,
			);
			name = Products;
			sourceTree = "<group>";
		};
		D7B0CB5325416C4D000FC12B /* Cam_ImageClassifier */ = {
			isa = PBXGroup;
			children = (
				D7B0CB5425416C4D000FC12B /* AppDelegate.swift */,
				D7B0CB5625416C4D000FC12B /* SceneDelegate.swift */,
				D7B0CB6C2541813D000FC12B /* Resnet50.mlmodel */,
				D7B0CB5825416C4D000FC12B /* ViewController.swift */,
				D7B0CB5A25416C4D000FC12B /* Main.storyboard */,
				D7B0CB5D25416C4F000FC12B /* Assets.xcassets */,
				D7B0CB5F25416C4F000FC12B /* LaunchScreen.storyboard */,
				D7B0CB6225416C4F000FC12B /* Info.plist */,
			);
			path = Cam_ImageClassifier;
			sourceTree = "<group>";
		};
/* End PBXGroup section */

/* Begin PBXNativeTarget section */
		D7B0CB5025416C4D000FC12B /* Cam_ImageClassifier */ = {
			isa = PBXNativeTarget;
			buildConfigurationList = D7B0CB6525416C4F000FC12B /* Build configuration list for PBXNativeTarget "Cam_ImageClassifier" */;
			buildPhases = (
				D7B0CB4D25416C4D000FC12B /* Sources */,
				D7B0CB4E25416C4D000FC12B /* Frameworks */,
				D7B0CB4F25416C4D000FC12B /* Resources */,
			);
			buildRules = (
			);
			dependencies = (
			);
			name = Cam_ImageClassifier;
			productName = Cam_ImageClassifier;
			productReference = D7B0CB5125416C4D000FC12B /* Cam_ImageClassifier.app */;
			productType = "com.apple.product-type.application";
		};
/* End PBXNativeTarget section */

/* Begin PBXProject section */
		D7B0CB4925416C4D000FC12B /* Project object */ = {
			isa = PBXProject;
			attributes = {
				LastSwiftUpdateCheck = 1200;
				LastUpgradeCheck = 1200;
				TargetAttributes = {
					D7B0CB5025416C4D000FC12B = {
						CreatedOnToolsVersion = 12.0;
					};
				};
			};
			buildConfigurationList = D7B0CB4C25416C4D000FC12B /* Build configuration list for PBXProject "Cam_ImageClassifier" */;
			compatibilityVersion = "Xcode 9.3";
			developmentRegion = en;
			hasScannedForEncodings = 0;
			knownRegions = (
				en,
				Base,
			);
			mainGroup = D7B0CB4825416C4D000FC12B;
			productRefGroup = D7B0CB5225416C4D000FC12B /* Products */;
			projectDirPath = "";
			projectRoot = "";
			targets = (
				D7B0CB5025416C4D000FC12B /* Cam_ImageClassifier */,
			);
		};
/* End PBXProject section */

/* Begin PBXResourcesBuildPhase section */
		D7B0CB4F25416C4D000FC12B /* Resources */ = {
			isa = PBXResourcesBuildPhase;
			buildActionMask = 2147483647;
			files = (
				D7B0CB6125416C4F000FC12B /* LaunchScreen.storyboard in Resources */,
				D7B0CB5E25416C4F000FC12B /* Assets.xcassets in Resources */,
				D7B0CB5C25416C4D000FC12B /* Main.storyboard in Resources */,
			);
			runOnlyForDeploymentPostprocessing = 0;
		};
/* End PBXResourcesBuildPhase section */

/* Begin PBXSourcesBuildPhase section */
		D7B0CB4D25416C4D000FC12B /* Sources */ = {
			isa = PBXSourcesBuildPhase;
			buildActionMask = 2147483647;
			files = (
				D7B0CB6D2541813D000FC12B /* Resnet50.mlmodel in Sources */,
				D7B0CB5925416C4D000FC12B /* ViewController.swift in Sources */,
				D7B0CB5525416C4D000FC12B /* AppDelegate.swift in Sources */,
				D7B0CB5725416C4D000FC12B /* SceneDelegate.swift in Sources */,
			);
			runOnlyForDeploymentPostprocessing = 0;
		};
/* End PBXSourcesBuildPhase section */

/* Begin PBXVariantGroup section */
		D7B0CB5A25416C4D000FC12B /* Main.storyboard */ = {
			isa = PBXVariantGroup;
			children = (
				D7B0CB5B25416C4D000FC12B /* Base */,
			);
			name = Main.storyboard;
			sourceTree = "<group>";
		};
		D7B0CB5F25416C4F000FC12B /* LaunchScreen.storyboard */ = {
			isa = PBXVariantGroup;
			children = (
				D7B0CB6025416C4F000FC12B /* Base */,
			);
			name = LaunchScreen.storyboard;
			sourceTree = "<group>";
		};
/* End PBXVariantGroup section */

/* Begin XCBuildConfiguration section */
		D7B0CB6325416C4F000FC12B /* Debug */ = {
			isa = XCBuildConfiguration;
			buildSettings = {
				ALWAYS_SEARCH_USER_PATHS = NO;
				CLANG_ANALYZER_NONNULL = YES;
				CLANG_ANALYZER_NUMBER_OBJECT_CONVERSION = YES_AGGRESSIVE;
				CLANG_CXX_LANGUAGE_STANDARD = "gnu++14";
				CLANG_CXX_LIBRARY = "libc++";
				CLANG_ENABLE_MODULES = YES;
				CLANG_ENABLE_OBJC_ARC = YES;
				CLANG_ENABLE_OBJC_WEAK = YES;
				CLANG_WARN_BLOCK_CAPTURE_AUTORELEASING = YES;
				CLANG_WARN_BOOL_CONVERSION = YES;
				CLANG_WARN_COMMA = YES;
				CLANG_WARN_CONSTANT_CONVERSION = YES;
				CLANG_WARN_DEPRECATED_OBJC_IMPLEMENTATIONS = YES;
				CLANG_WARN_DIRECT_OBJC_ISA_USAGE = YES_ERROR;
				CLANG_WARN_DOCUMENTATION_COMMENTS = YES;
				CLANG_WARN_EMPTY_BODY = YES;
				CLANG_WARN_ENUM_CONVERSION = YES;
				CLANG_WARN_INFINITE_RECURSION = YES;
				CLANG_WARN_INT_CONVERSION = YES;
				CLANG_WARN_NON_LITERAL_NULL_CONVERSION = YES;
				CLANG_WARN_OBJC_IMPLICIT_RETAIN_SELF = YES;
				CLANG_WARN_OBJC_LITERAL_CONVERSION = YES;
				CLANG_WARN_OBJC_ROOT_CLASS = YES_ERROR;
				CLANG_WARN_QUOTED_INCLUDE_IN_FRAMEWORK_HEADER = YES;
				CLANG_WARN_RANGE_LOOP_ANALYSIS = YES;
				CLANG_WARN_STRICT_PROTOTYPES = YES;
				CLANG_WARN_SUSPICIOUS_MOVE = YES;
				CLANG_WARN_UNGUARDED_AVAILABILITY = YES_AGGRESSIVE;
				CLANG_WARN_UNREACHABLE_CODE = YES;
				CLANG_WARN__DUPLICATE_METHOD_MATCH = YES;
				COPY_PHASE_STRIP = NO;
				DEBUG_INFORMATION_FORMAT = dwarf;
				ENABLE_STRICT_OBJC_MSGSEND = YES;
				ENABLE_TESTABILITY = YES;
				GCC_C_LANGUAGE_STANDARD = gnu11;
				GCC_DYNAMIC_NO_PIC = NO;
				GCC_NO_COMMON_BLOCKS = YES;
				GCC_OPTIMIZATION_LEVEL = 0;
				GCC_PREPROCESSOR_DEFINITIONS = (
					"DEBUG=1",
					"$(inherited)",
				);
				GCC_WARN_64_TO_32_BIT_CONVERSION = YES;
				GCC_WARN_ABOUT_RETURN_TYPE = YES_ERROR;
				GCC_WARN_UNDECLARED_SELECTOR = YES;
				GCC_WARN_UNINITIALIZED_AUTOS = YES_AGGRESSIVE;
				GCC_WARN_UNUSED_FUNCTION = YES;
				GCC_WARN_UNUSED_VARIABLE = YES;
				IPHONEOS_DEPLOYMENT_TARGET = 14.0;
				MTL_ENABLE_DEBUG_INFO = INCLUDE_SOURCE;
				MTL_FAST_MATH = YES;
				ONLY_ACTIVE_ARCH = YES;
				SDKROOT = iphoneos;
				SWIFT_ACTIVE_COMPILATION_CONDITIONS = DEBUG;
				SWIFT_OPTIMIZATION_LEVEL = "-Onone";
			};
			name = Debug;
		};
		D7B0CB6425416C4F000FC12B /* Release */ = {
			isa = XCBuildConfiguration;
			buildSettings = {
				ALWAYS_SEARCH_USER_PATHS = NO;
				CLANG_ANALYZER_NONNULL = YES;
				CLANG_ANALYZER_NUMBER_OBJECT_CONVERSION = YES_AGGRESSIVE;
				CLANG_CXX_LANGUAGE_STANDARD = "gnu++14";
				CLANG_CXX_LIBRARY = "libc++";
				CLANG_ENABLE_MODULES = YES;
				CLANG_ENABLE_OBJC_ARC = YES;
				CLANG_ENABLE_OBJC_WEAK = YES;
				CLANG_WARN_BLOCK_CAPTURE_AUTORELEASING = YES;
				CLANG_WARN_BOOL_CONVERSION = YES;
				CLANG_WARN_COMMA = YES;
				CLANG_WARN_CONSTANT_CONVERSION = YES;
				CLANG_WARN_DEPRECATED_OBJC_IMPLEMENTATIONS = YES;
				CLANG_WARN_DIRECT_OBJC_ISA_USAGE = YES_ERROR;
				CLANG_WARN_DOCUMENTATION_COMMENTS = YES;
				CLANG_WARN_EMPTY_BODY = YES;
				CLANG_WARN_ENUM_CONVERSION = YES;
				CLANG_WARN_INFINITE_RECURSION = YES;
				CLANG_WARN_INT_CONVERSION = YES;
				CLANG_WARN_NON_LITERAL_NULL_CONVERSION = YES;
				CLANG_WARN_OBJC_IMPLICIT_RETAIN_SELF = YES;
				CLANG_WARN_OBJC_LITERAL_CONVERSION = YES;
				CLANG_WARN_OBJC_ROOT_CLASS = YES_ERROR;
				CLANG_WARN_QUOTED_INCLUDE_IN_FRAMEWORK_HEADER = YES;
				CLANG_WARN_RANGE_LOOP_ANALYSIS = YES;
				CLANG_WARN_STRICT_PROTOTYPES = YES;
				CLANG_WARN_SUSPICIOUS_MOVE = YES;
				CLANG_WARN_UNGUARDED_AVAILABILITY = YES_AGGRESSIVE;
				CLANG_WARN_UNREACHABLE_CODE = YES;
				CLANG_WARN__DUPLICATE_METHOD_MATCH = YES;
				COPY_PHASE_STRIP = NO;
				DEBUG_INFORMATION_FORMAT = "dwarf-with-dsym";
				ENABLE_NS_ASSERTIONS = NO;
				ENABLE_STRICT_OBJC_MSGSEND = YES;
				GCC_C_LANGUAGE_STANDARD = gnu11;
				GCC_NO_COMMON_BLOCKS = YES;
				GCC_WARN_64_TO_32_BIT_CONVERSION = YES;
				GCC_WARN_ABOUT_RETURN_TYPE = YES_ERROR;
				GCC_WARN_UNDECLARED_SELECTOR = YES;
				GCC_WARN_UNINITIALIZED_AUTOS = YES_AGGRESSIVE;
				GCC_WARN_UNUSED_FUNCTION = YES;
				GCC_WARN_UNUSED_VARIABLE = YES;
				IPHONEOS_DEPLOYMENT_TARGET = 14.0;
				MTL_ENABLE_DEBUG_INFO = NO;
				MTL_FAST_MATH = YES;
				SDKROOT = iphoneos;
				SWIFT_COMPILATION_MODE = wholemodule;
				SWIFT_OPTIMIZATION_LEVEL = "-O";
				VALIDATE_PRODUCT = YES;
			};
			name = Release;
		};
		D7B0CB6625416C4F000FC12B /* Debug */ = {
			isa = XCBuildConfiguration;
			buildSettings = {
				ASSETCATALOG_COMPILER_APPICON_NAME = AppIcon;
				ASSETCATALOG_COMPILER_GLOBAL_ACCENT_COLOR_NAME = AccentColor;
				CODE_SIGN_STYLE = Automatic;
				DEVELOPMENT_TEAM = 48269GKNCF;
				INFOPLIST_FILE = Cam_ImageClassifier/Info.plist;
				LD_RUNPATH_SEARCH_PATHS = (
					"$(inherited)",
					"@executable_path/Frameworks",
				);
				PRODUCT_BUNDLE_IDENTIFIER = "com.example.Cam-ImageClassifier";
				PRODUCT_NAME = "$(TARGET_NAME)";
				SWIFT_VERSION = 5.0;
				TARGETED_DEVICE_FAMILY = "1,2";
			};
			name = Debug;
		};
		D7B0CB6725416C4F000FC12B /* Release */ = {
			isa = XCBuildConfiguration;
			buildSettings = {
				ASSETCATALOG_COMPILER_APPICON_NAME = AppIcon;
				ASSETCATALOG_COMPILER_GLOBAL_ACCENT_COLOR_NAME = AccentColor;
				CODE_SIGN_STYLE = Automatic;
				DEVELOPMENT_TEAM = 48269GKNCF;
				INFOPLIST_FILE = Cam_ImageClassifier/Info.plist;
				LD_RUNPATH_SEARCH_PATHS = (
					"$(inherited)",
					"@executable_path/Frameworks",
				);
				PRODUCT_BUNDLE_IDENTIFIER = "com.example.Cam-ImageClassifier";
				PRODUCT_NAME = "$(TARGET_NAME)";
				SWIFT_VERSION = 5.0;
				TARGETED_DEVICE_FAMILY = "1,2";
			};
			name = Release;
		};
/* End XCBuildConfiguration section */

/* Begin XCConfigurationList section */
		D7B0CB4C25416C4D000FC12B /* Build configuration list for PBXProject "Cam_ImageClassifier" */ = {
			isa = XCConfigurationList;
			buildConfigurations = (
				D7B0CB6325416C4F000FC12B /* Debug */,
				D7B0CB6425416C4F000FC12B /* Release */,
			);
			defaultConfigurationIsVisible = 0;
			defaultConfigurationName = Release;
		};
		D7B0CB6525416C4F000FC12B /* Build configuration list for PBXNativeTarget "Cam_ImageClassifier" */ = {
			isa = XCConfigurationList;
			buildConfigurations = (
				D7B0CB6625416C4F000FC12B /* Debug */,
				D7B0CB6725416C4F000FC12B /* Release */,
			);
			defaultConfigurationIsVisible = 0;
			defaultConfigurationName = Release;
		};
/* End XCConfigurationList section */
	};
	rootObject = D7B0CB4925416C4D000FC12B /* Project object */;
}
